
Microsoft Visual Studio Solution File, Format Version 12.00
# Visual Studio Version 17
VisualStudioVersion = 17.4.33205.214
MinimumVisualStudioVersion = 10.0.40219.1
Project("{FAE04EC0-301F-11D3-BF4B-00C04F79EFBC}") = "webMVC", "webMVC\webMVC.csproj", "{4A990788-67F3-4577-AC3D-EB9906A071F2}"
EndProject
Global
	GlobalSection(SolutionConfigurationPlatforms) = preSolution
		Debug|Any CPU = Debug|Any CPU
		Release|Any CPU = Release|Any CPU
	EndGlobalSection
	GlobalSection(ProjectConfigurationPlatforms) = postSolution
		{4A990788-67F3-4577-AC3D-EB9906A071F2}.Debug|Any CPU.ActiveCfg = Debug|Any CPU
		{4A990788-67F3-4577-AC3D-EB9906A071F2}.Debug|Any CPU.Build.0 = Debug|Any CPU
		{4A990788-67F3-4577-AC3D-EB9906A071F2}.Release|Any CPU.ActiveCfg = Release|Any CPU
		{4A990788-67F3-4577-AC3D-EB9906A071F2}.Release|Any CPU.Build.0 = Release|Any CPU
	EndGlobalSection
	GlobalSection(SolutionProperties) = preSolution
		HideSolutionNode = FALSE
	EndGlobalSection
	GlobalSection(ExtensibilityGlobals) = postSolution
		SolutionGuid = {4C22A46B-8622-4274-9DAE-E68E4CA8D34F}
	EndGlobalSection
EndGlobal
